
Microsoft Visual Studio Solution File, Format Version 12.00
# Visual Studio 15
VisualStudioVersion = 15.0.27428.2043
MinimumVisualStudioVersion = 10.0.40219.1
Project("{FAE04EC0-301F-11D3-BF4B-00C04F79EFBC}") = "DotNetSnipet", "DotNetSnipet\DotNetSnipet.csproj", "{5411DE7C-5EC0-40B1-AC88-FA74A88BC033}"
EndProject
Project("{FAE04EC0-301F-11D3-BF4B-00C04F79EFBC}") = "Serivces", "Services\Serivces.csproj", "{664DBA0D-5ADB-43C0-A86D-52C71005C0E1}"
EndProject
Project("{FAE04EC0-301F-11D3-BF4B-00C04F79EFBC}") = "CustomSettingsLoader", "CustomSettingsLoader\CustomSettingsLoader.csproj", "{C119CE01-94DE-4B9A-92B8-C27D83821AC3}"
EndProject
Global
	GlobalSection(SolutionConfigurationPlatforms) = preSolution
		Debug|Any CPU = Debug|Any CPU
		Release|Any CPU = Release|Any CPU
	EndGlobalSection
	GlobalSection(ProjectConfigurationPlatforms) = postSolution
		{5411DE7C-5EC0-40B1-AC88-FA74A88BC033}.Debug|Any CPU.ActiveCfg = Debug|Any CPU
		{5411DE7C-5EC0-40B1-AC88-FA74A88BC033}.Debug|Any CPU.Build.0 = Debug|Any CPU
		{5411DE7C-5EC0-40B1-AC88-FA74A88BC033}.Release|Any CPU.ActiveCfg = Release|Any CPU
		{5411DE7C-5EC0-40B1-AC88-FA74A88BC033}.Release|Any CPU.Build.0 = Release|Any CPU
		{664DBA0D-5ADB-43C0-A86D-52C71005C0E1}.Debug|Any CPU.ActiveCfg = Debug|Any CPU
		{664DBA0D-5ADB-43C0-A86D-52C71005C0E1}.Debug|Any CPU.Build.0 = Debug|Any CPU
		{664DBA0D-5ADB-43C0-A86D-52C71005C0E1}.Release|Any CPU.ActiveCfg = Release|Any CPU
		{664DBA0D-5ADB-43C0-A86D-52C71005C0E1}.Release|Any CPU.Build.0 = Release|Any CPU
		{C119CE01-94DE-4B9A-92B8-C27D83821AC3}.Debug|Any CPU.ActiveCfg = Debug|Any CPU
		{C119CE01-94DE-4B9A-92B8-C27D83821AC3}.Debug|Any CPU.Build.0 = Debug|Any CPU
		{C119CE01-94DE-4B9A-92B8-C27D83821AC3}.Release|Any CPU.ActiveCfg = Release|Any CPU
		{C119CE01-94DE-4B9A-92B8-C27D83821AC3}.Release|Any CPU.Build.0 = Release|Any CPU
	EndGlobalSection
	GlobalSection(SolutionProperties) = preSolution
		HideSolutionNode = FALSE
	EndGlobalSection
	GlobalSection(ExtensibilityGlobals) = postSolution
		SolutionGuid = {5A393E78-B3A1-4CF5-A53E-03CF92206C19}
	EndGlobalSection
EndGlobal
